lockfileVersion: '6.0'

settings:
  autoInstallPeers: true
  excludeLinksFromLockfile: false

dependencies:
  express:
    specifier: ^4.18.0
    version: 4.18.2
  lodash:
    specifier: ^4.17.21
    version: 4.17.21

devDependencies:
  '@types/express':
    specifier: ^4.17.0
    version: 4.17.17_@types+node@20.0.0
  '@types/node':
    specifier: ^20.0.0
    version: 20.0.0
  typescript:
    specifier: ^5.0.0
    version: 5.3.3

packages:

  /@types/express@4.17.17_@types+node@20.0.0:
    resolution: {integrity: sha512-Q4FmmuLGBG58btUnfS1c1r/NQdlp3DMfGDGig8WhfpA2YRUtEkxAjkZb0yvplJGYdF1fsQ81iMDcH24sSCNC/Q==}
    peerDependencies:
      '@types/node': '*'
    dependencies:
      '@types/node': 20.0.0
    dev: true

  /@types/node@20.0.0:
    resolution: {integrity: sha512-cVuE7GP2Er/zJh9xiqAWV2v6GPoO+X9JcOUOv6YQTQ5uxIqzYvbfKdE6lB8cY/Qe8u0b+Pbi3kKq6Kg/dZcGXQ==}
    dev: true

  /express@4.18.2:
    resolution: {integrity: sha512-5/PsL6iGPdfQ/lKM1UuielYgv3BUoJfz1aUwU9vHZ+J7gyvwdQXFEBIEIaxeGf0GIcreATNyBExtalisDbuMqQ==}
    engines: {node: '>= 0.10.0'}
    dev: false

  /lodash@4.17.21:
    resolution: {integrity: sha512-v2kDEe57lecTulaDIuNTPy3Ry4gLGJ6Z1O3vE1krgXZNrsQ+LFTGHVxVjcXPs17LhbZVGedAJv8XZ1tvj5FvSg==}
    dev: false

  /typescript@5.3.3:
    resolution: {integrity: sha512-pXWcraxM0uxAS+tN0AG/BF2TyqmHO014Z070UsJ+pFvYuRSq8KH8DmWpnbXe0pEPDHXZV3FcAbJkijJ5oNEnWw==}
    engines: {node: '>=14.17'}
    hasBin: true
    dev: true